
Microsoft Visual Studio Solution File, Format Version 12.00
# Visual Studio Version 16
VisualStudioVersion = 16.0.31624.102
MinimumVisualStudioVersion = 10.0.40219.1
Project("{888888A0-9F3D-457C-B088-3A5042F75D52}") = "RPAInflacao", "RPAInflacao\RPAInflacao.pyproj", "{AA69B54F-CD0F-4B61-A9E0-B6254C9A4020}"
EndProject
Global
	GlobalSection(SolutionConfigurationPlatforms) = preSolution
		Debug|Any CPU = Debug|Any CPU
		Release|Any CPU = Release|Any CPU
	EndGlobalSection
	GlobalSection(ProjectConfigurationPlatforms) = postSolution
		{AA69B54F-CD0F-4B61-A9E0-B6254C9A4020}.Debug|Any CPU.ActiveCfg = Debug|Any CPU
		{AA69B54F-CD0F-4B61-A9E0-B6254C9A4020}.Release|Any CPU.ActiveCfg = Release|Any CPU
	EndGlobalSection
	GlobalSection(SolutionProperties) = preSolution
		HideSolutionNode = FALSE
	EndGlobalSection
	GlobalSection(ExtensibilityGlobals) = postSolution
		SolutionGuid = {83BB47A9-6998-41AA-87FE-B30D7F52A0C3}
	EndGlobalSection
EndGlobal
